
Microsoft Visual Studio Solution File, Format Version 12.00
# Visual Studio Version 16
VisualStudioVersion = 16.0.29613.14
MinimumVisualStudioVersion = 10.0.40219.1
Project("{FAE04EC0-301F-11D3-BF4B-00C04F79EFBC}") = "line counter", "line counter.csproj", "{3F118862-8EBD-4139-8334-9A0DAEA5939B}"
EndProject
Global
	GlobalSection(SolutionConfigurationPlatforms) = preSolution
		Debug|Any CPU = Debug|Any CPU
		Release|Any CPU = Release|Any CPU
	EndGlobalSection
	GlobalSection(ProjectConfigurationPlatforms) = postSolution
		{3F118862-8EBD-4139-8334-9A0DAEA5939B}.Debug|Any CPU.ActiveCfg = Debug|Any CPU
		{3F118862-8EBD-4139-8334-9A0DAEA5939B}.Debug|Any CPU.Build.0 = Debug|Any CPU
		{3F118862-8EBD-4139-8334-9A0DAEA5939B}.Release|Any CPU.ActiveCfg = Release|Any CPU
		{3F118862-8EBD-4139-8334-9A0DAEA5939B}.Release|Any CPU.Build.0 = Release|Any CPU
	EndGlobalSection
	GlobalSection(SolutionProperties) = preSolution
		HideSolutionNode = FALSE
	EndGlobalSection
	GlobalSection(ExtensibilityGlobals) = postSolution
		SolutionGuid = {913A80F7-F204-4AD6-8A06-EB2E89B6DDB3}
	EndGlobalSection
EndGlobal
